
Microsoft Visual Studio Solution File, Format Version 12.00
# Visual Studio Version 17
VisualStudioVersion = 17.7.34024.191
MinimumVisualStudioVersion = 10.0.40219.1
Project("{FAE04EC0-301F-11D3-BF4B-00C04F79EFBC}") = "LapTopCam", "LapTopCam\LapTopCam.csproj", "{84C5871C-E69A-4722-BE3B-FDC0ADA62D5E}"
EndProject
Global
	GlobalSection(SolutionConfigurationPlatforms) = preSolution
		Debug|Any CPU = Debug|Any CPU
		Release|Any CPU = Release|Any CPU
	EndGlobalSection
	GlobalSection(ProjectConfigurationPlatforms) = postSolution
		{84C5871C-E69A-4722-BE3B-FDC0ADA62D5E}.Debug|Any CPU.ActiveCfg = Debug|Any CPU
		{84C5871C-E69A-4722-BE3B-FDC0ADA62D5E}.Debug|Any CPU.Build.0 = Debug|Any CPU
		{84C5871C-E69A-4722-BE3B-FDC0ADA62D5E}.Release|Any CPU.ActiveCfg = Release|Any CPU
		{84C5871C-E69A-4722-BE3B-FDC0ADA62D5E}.Release|Any CPU.Build.0 = Release|Any CPU
	EndGlobalSection
	GlobalSection(SolutionProperties) = preSolution
		HideSolutionNode = FALSE
	EndGlobalSection
	GlobalSection(ExtensibilityGlobals) = postSolution
		SolutionGuid = {248A3F2F-8EE1-473E-A26B-71FFB96B4EA1}
	EndGlobalSection
EndGlobal
